hash: f4871f1e4c01fbf8ba2781cec4f24eddefbd0d26adca6ecb4f3912232e555152
updated: 2017-12-12T14:21:55.468315-05:00
imports:
- name: github.com/alecthomas/kingpin
  version: d2d8a9115b36a531781f0ed3c57bcba202976150
- name: github.com/alecthomas/template
  version: a0175ee3bccc567396460bf5acd36800cb10c49c
  subpackages:
  - parse
- name: github.com/alecthomas/units
  version: 2efee857e7cfd4f3d0138cc3cbb1b4966962b93a
- name: github.com/andybalholm/cascadia
  version: 1c31af6f6c1a7b101ed05aacc7d8a738b43ae86e
- name: github.com/aws/aws-sdk-go
  version: 32f50a06b82225ea99d3c400c20cba02874f0db7
  subpackages:
  - aws
  - aws/awserr
  - aws/awsutil
  - aws/client
  - aws/client/metadata
  - aws/corehandlers
  - aws/credentials
  - aws/credentials/ec2rolecreds
  - aws/credentials/endpointcreds
  - aws/credentials/stscreds
  - aws/defaults
  - aws/ec2metadata
  - aws/endpoints
  - aws/request
  - aws/session
  - aws/signer/v4
  - internal/shareddefaults
  - private/protocol
  - private/protocol/query
  - private/protocol/query/queryutil
  - private/protocol/rest
  - private/protocol/xml/xmlutil
  - service/sts
- name: github.com/Azure/go-ntlmssp
  version: 2d5c7863390875bc4b5f81cdb65422602d15b003
- name: github.com/beevik/etree
  version: ce53c4ce608a92897d74ff8fd47b5a1131e5606c
- name: github.com/go-ini/ini
  version: 6e4869b434bd001f6983749881c7ead3545887d8
- name: github.com/howeyc/gopass
  version: 26c6e1184fd5255fa5f5289d0b789a4819c203a4
- name: github.com/jmespath/go-jmespath
  version: bd40a432e4c76585ef6b72d3fd96fb9b6dc7b68d
- name: github.com/juju/go4
  version: 40d72ab9641a2a8c36a9c46a51e28367115c8e59
  subpackages:
  - lock
- name: github.com/juju/persistent-cookiejar
  version: d5e5a8405ef9633c84af42fbcc734ec8dd73c198
- name: github.com/pkg/errors
  version: 645ef00459ed84a119197bfb8d8205042c6df63d
- name: github.com/PuerkitoBio/goquery
  version: 152b1a2c8f5d0340f658bb656032a39b94e52958
- name: github.com/segmentio/go-prompt
  version: f3218e418a3d6dbe1dcab5809d80fa6e15c05cb4
- name: github.com/tidwall/gjson
  version: 039b641eabfaaccef32ebcfeee4257e22627a255
- name: github.com/tidwall/match
  version: 173748da739a410c5b0b813b956f89ff94730b4c
- name: golang.org/x/crypto
  version: aa2481cbfe81d911eb62b642b7a6b5ec58bbea71
  subpackages:
  - md4
  - ssh/terminal
- name: golang.org/x/net
  version: 5d0a0f8cd486626821d2ba44d471ab1c9271d38f
  subpackages:
  - html
  - html/atom
  - publicsuffix
- name: golang.org/x/sys
  version: b776ec39b3e54652e09028aaaaac9757f4f8211a
  subpackages:
  - unix
- name: gopkg.in/errgo.v1
  version: 442357a80af5c6bf9b6d51ae791a39c3421004f3
- name: gopkg.in/ini.v1
  version: 6e4869b434bd001f6983749881c7ead3545887d8
- name: gopkg.in/retry.v1
  version: 01631078ef2fdce601e38cfe5f527fab24c9a6d2
testImports:
- name: github.com/davecgh/go-spew
  version: 5215b55f46b2b919f50a1df0eaa5886afe4e3b3d
  subpackages:
  - spew
- name: github.com/pmezard/go-difflib
  version: d8ed2627bdf02c080bf22230dbb337003b7aba2d
  subpackages:
  - difflib
- name: github.com/stretchr/testify
  version: 6cb3b85ef5a0efef77caef88363ec4d4b5c0976d
  subpackages:
  - assert
